
Microsoft Visual Studio Solution File, Format Version 12.00
# Visual Studio Version 17
VisualStudioVersion = 17.1.32421.90
MinimumVisualStudioVersion = 10.0.40219.1
Project("{FAE04EC0-301F-11D3-BF4B-00C04F79EFBC}") = "Railway_Reservationsystem_WebAPI", "Railway_Reservationsystem_WebAPI.csproj", "{8D33656D-8406-4236-B5CC-88C6E94694EF}"
EndProject
Global
	GlobalSection(SolutionConfigurationPlatforms) = preSolution
		Debug|Any CPU = Debug|Any CPU
		Release|Any CPU = Release|Any CPU
	EndGlobalSection
	GlobalSection(ProjectConfigurationPlatforms) = postSolution
		{8D33656D-8406-4236-B5CC-88C6E94694EF}.Debug|Any CPU.ActiveCfg = Debug|Any CPU
		{8D33656D-8406-4236-B5CC-88C6E94694EF}.Debug|Any CPU.Build.0 = Debug|Any CPU
		{8D33656D-8406-4236-B5CC-88C6E94694EF}.Release|Any CPU.ActiveCfg = Release|Any CPU
		{8D33656D-8406-4236-B5CC-88C6E94694EF}.Release|Any CPU.Build.0 = Release|Any CPU
	EndGlobalSection
	GlobalSection(SolutionProperties) = preSolution
		HideSolutionNode = FALSE
	EndGlobalSection
	GlobalSection(ExtensibilityGlobals) = postSolution
		SolutionGuid = {2DFBE9D7-2A1F-496E-A99B-58A9901D8BF0}
	EndGlobalSection
EndGlobal
